// !$*UTF8*$!
{
	archiveVersion = 1;
	classes = {
	};
	objectVersion = 56;
	objects = {

/* Begin PBXBuildFile section */
		28BDFE4D2BE81E3C001DB69C /* AppDelegate.swift in Sources */ = {isa = PBXBuildFile; fileRef = 28BDFE4C2BE81E3C001DB69C /* AppDelegate.swift */; };
		28BDFE4F2BE81E3C001DB69C /* SceneDelegate.swift in Sources */ = {isa = PBXBuildFile; fileRef = 28BDFE4E2BE81E3C001DB69C /* SceneDelegate.swift */; };
		28BDFE562BE81E40001DB69C /* Assets.xcassets in Resources */ = {isa = PBXBuildFile; fileRef = 28BDFE552BE81E40001DB69C /* Assets.xcassets */; };
		28BDFE592BE81E40001DB69C /* LaunchScreen.storyboard in Resources */ = {isa = PBXBuildFile; fileRef = 28BDFE572BE81E40001DB69C /* LaunchScreen.storyboard */; };
		28BDFE652BE82103001DB69C /* Product.swift in Sources */ = {isa = PBXBuildFile; fileRef = 28BDFE642BE82103001DB69C /* Product.swift */; };
		28BDFE672BE8217E001DB69C /* Manufacturer.swift in Sources */ = {isa = PBXBuildFile; fileRef = 28BDFE662BE8217E001DB69C /* Manufacturer.swift */; };
		28BDFE692BE821C6001DB69C /* ProductTableViewCell.swift in Sources */ = {isa = PBXBuildFile; fileRef = 28BDFE682BE821C6001DB69C /* ProductTableViewCell.swift */; };
		28BDFE6B2BE821F4001DB69C /* ProductDetailsViewController.swift in Sources */ = {isa = PBXBuildFile; fileRef = 28BDFE6A2BE821F4001DB69C /* ProductDetailsViewController.swift */; };
		28BDFE6D2BE8221C001DB69C /* AddProductViewController.swift in Sources */ = {isa = PBXBuildFile; fileRef = 28BDFE6C2BE8221C001DB69C /* AddProductViewController.swift */; };
		28BDFE6F2BE82255001DB69C /* ProductListViewController.swift in Sources */ = {isa = PBXBuildFile; fileRef = 28BDFE6E2BE82255001DB69C /* ProductListViewController.swift */; };
		28BDFE712BE8227E001DB69C /* LoginViewController.swift in Sources */ = {isa = PBXBuildFile; fileRef = 28BDFE702BE8227E001DB69C /* LoginViewController.swift */; };
		5718C6F714DCB0C7F2DDD14B /* Pods_WholesaleStoreApp.framework in Frameworks */ = {isa = PBXBuildFile; fileRef = 0F290A0AEB53AC94CA714B48 /* Pods_WholesaleStoreApp.framework */; };
/* End PBXBuildFile section */

/* Begin PBXFileReference section */
		0F290A0AEB53AC94CA714B48 /* Pods_WholesaleStoreApp.framework */ = {isa = PBXFileReference; explicitFileType = wrapper.framework; includeInIndex = 0; path = Pods_WholesaleStoreApp.framework; sourceTree = BUILT_PRODUCTS_DIR; };
		28BDFE492BE81E3C001DB69C /* WholesaleStoreApp.app */ = {isa = PBXFileReference; explicitFileType = wrapper.application; includeInIndex = 0; path = WholesaleStoreApp.app; sourceTree = BUILT_PRODUCTS_DIR; };
		28BDFE4C2BE81E3C001DB69C /* AppDelegate.swift */ = {isa = PBXFileReference; lastKnownFileType = sourcecode.swift; path = AppDelegate.swift; sourceTree = "<group>"; };
		28BDFE4E2BE81E3C001DB69C /* SceneDelegate.swift */ = {isa = PBXFileReference; lastKnownFileType = sourcecode.swift; path = SceneDelegate.swift; sourceTree = "<group>"; };
		28BDFE552BE81E40001DB69C /* Assets.xcassets */ = {isa = PBXFileReference; lastKnownFileType = folder.assetcatalog; path = Assets.xcassets; sourceTree = "<group>"; };
		28BDFE582BE81E40001DB69C /* Base */ = {isa = PBXFileReference; lastKnownFileType = file.storyboard; name = Base; path = Base.lproj/LaunchScreen.storyboard; sourceTree = "<group>"; };
		28BDFE5A2BE81E40001DB69C /* Info.plist */ = {isa = PBXFileReference; lastKnownFileType = text.plist.xml; path = Info.plist; sourceTree = "<group>"; };
		28BDFE642BE82103001DB69C /* Product.swift */ = {isa = PBXFileReference; lastKnownFileType = sourcecode.swift; path = Product.swift; sourceTree = "<group>"; };
		28BDFE662BE8217E001DB69C /* Manufacturer.swift */ = {isa = PBXFileReference; lastKnownFileType = sourcecode.swift; path = Manufacturer.swift; sourceTree = "<group>"; };
		28BDFE682BE821C6001DB69C /* ProductTableViewCell.swift */ = {isa = PBXFileReference; lastKnownFileType = sourcecode.swift; path = ProductTableViewCell.swift; sourceTree = "<group>"; };
		28BDFE6A2BE821F4001DB69C /* ProductDetailsViewController.swift */ = {isa = PBXFileReference; lastKnownFileType = sourcecode.swift; path = ProductDetailsViewController.swift; sourceTree = "<group>"; };
		28BDFE6C2BE8221C001DB69C /* AddProductViewController.swift */ = {isa = PBXFileReference; lastKnownFileType = sourcecode.swift; path = AddProductViewController.swift; sourceTree = "<group>"; };
		28BDFE6E2BE82255001DB69C /* ProductListViewController.swift */ = {isa = PBXFileReference; lastKnownFileType = sourcecode.swift; path = ProductListViewController.swift; sourceTree = "<group>"; };
		28BDFE702BE8227E001DB69C /* LoginViewController.swift */ = {isa = PBXFileReference; lastKnownFileType = sourcecode.swift; path = LoginViewController.swift; sourceTree = "<group>"; };
		32CBF0E7078CB5336F1F29F9 /* Pods-WholesaleStoreApp.debug.xcconfig */ = {isa = PBXFileReference; includeInIndex = 1; lastKnownFileType = text.xcconfig; name = "Pods-WholesaleStoreApp.debug.xcconfig"; path = "Target Support Files/Pods-WholesaleStoreApp/Pods-WholesaleStoreApp.debug.xcconfig"; sourceTree = "<group>"; };
		F7FE20F9D6BE14C913B32724 /* Pods-WholesaleStoreApp.release.xcconfig */ = {isa = PBXFileReference; includeInIndex = 1; lastKnownFileType = text.xcconfig; name = "Pods-WholesaleStoreApp.release.xcconfig"; path = "Target Support Files/Pods-WholesaleStoreApp/Pods-WholesaleStoreApp.release.xcconfig"; sourceTree = "<group>"; };
/* End PBXFileReference section */

/* Begin PBXFrameworksBuildPhase section */
		28BDFE462BE81E3C001DB69C /* Frameworks */ = {
			isa = PBXFrameworksBuildPhase;
			buildActionMask = 2147483647;
			files = (
				5718C6F714DCB0C7F2DDD14B /* Pods_WholesaleStoreApp.framework in Frameworks */,
			);
			runOnlyForDeploymentPostprocessing = 0;
		};
/* End PBXFrameworksBuildPhase section */

/* Begin PBXGroup section */
		28BDFE402BE81E3B001DB69C = {
			isa = PBXGroup;
			children = (
				28BDFE4B2BE81E3C001DB69C /* WholesaleStoreApp */,
				28BDFE4A2BE81E3C001DB69C /* Products */,
				E2786BE524D25FB01A4D8232 /* Pods */,
				7F446877A00DCD4BCF9DD9F9 /* Frameworks */,
			);
			sourceTree = "<group>";
		};
		28BDFE4A2BE81E3C001DB69C /* Products */ = {
			isa = PBXGroup;
			children = (
				28BDFE492BE81E3C001DB69C /* WholesaleStoreApp.app */,
			);
			name = Products;
			sourceTree = "<group>";
		};
		28BDFE4B2BE81E3C001DB69C /* WholesaleStoreApp */ = {
			isa = PBXGroup;
			children = (
				28BDFE632BE81FB6001DB69C /* App */,
				28BDFE602BE81F4F001DB69C /* Models */,
				28BDFE612BE81F61001DB69C /* Views */,
				28BDFE622BE81F6B001DB69C /* Controllers */,
				28BDFE552BE81E40001DB69C /* Assets.xcassets */,
				28BDFE572BE81E40001DB69C /* LaunchScreen.storyboard */,
				28BDFE5A2BE81E40001DB69C /* Info.plist */,
			);
			path = WholesaleStoreApp;
			sourceTree = "<group>";
		};
		28BDFE602BE81F4F001DB69C /* Models */ = {
			isa = PBXGroup;
			children = (
				28BDFE642BE82103001DB69C /* Product.swift */,
				28BDFE662BE8217E001DB69C /* Manufacturer.swift */,
			);
			path = Models;
			sourceTree = "<group>";
		};
		28BDFE612BE81F61001DB69C /* Views */ = {
			isa = PBXGroup;
			children = (
				28BDFE682BE821C6001DB69C /* ProductTableViewCell.swift */,
				28BDFE6A2BE821F4001DB69C /* ProductDetailsViewController.swift */,
				28BDFE6C2BE8221C001DB69C /* AddProductViewController.swift */,
			);
			path = Views;
			sourceTree = "<group>";
		};
		28BDFE622BE81F6B001DB69C /* Controllers */ = {
			isa = PBXGroup;
			children = (
				28BDFE6E2BE82255001DB69C /* ProductListViewController.swift */,
				28BDFE702BE8227E001DB69C /* LoginViewController.swift */,
			);
			path = Controllers;
			sourceTree = "<group>";
		};
		28BDFE632BE81FB6001DB69C /* App */ = {
			isa = PBXGroup;
			children = (
				28BDFE4C2BE81E3C001DB69C /* AppDelegate.swift */,
				28BDFE4E2BE81E3C001DB69C /* SceneDelegate.swift */,
			);
			path = App;
			sourceTree = "<group>";
		};
		7F446877A00DCD4BCF9DD9F9 /* Frameworks */ = {
			isa = PBXGroup;
			children = (
				0F290A0AEB53AC94CA714B48 /* Pods_WholesaleStoreApp.framework */,
			);
			name = Frameworks;
			sourceTree = "<group>";
		};
		E2786BE524D25FB01A4D8232 /* Pods */ = {
			isa = PBXGroup;
			children = (
				32CBF0E7078CB5336F1F29F9 /* Pods-WholesaleStoreApp.debug.xcconfig */,
				F7FE20F9D6BE14C913B32724 /* Pods-WholesaleStoreApp.release.xcconfig */,
			);
			path = Pods;
			sourceTree = "<group>";
		};
/* End PBXGroup section */

/* Begin PBXNativeTarget section */
		28BDFE482BE81E3C001DB69C /* WholesaleStoreApp */ = {
			isa = PBXNativeTarget;
			buildConfigurationList = 28BDFE5D2BE81E40001DB69C /* Build configuration list for PBXNativeTarget "WholesaleStoreApp" */;
			buildPhases = (
				36141C72A6A483EE1790CD13 /* [CP] Check Pods Manifest.lock */,
				28BDFE452BE81E3C001DB69C /* Sources */,
				28BDFE462BE81E3C001DB69C /* Frameworks */,
				28BDFE472BE81E3C001DB69C /* Resources */,
				631C4B93153BEDC96BD9981E /* [CP] Embed Pods Frameworks */,
			);
			buildRules = (
			);
			dependencies = (
			);
			name = WholesaleStoreApp;
			productName = WholesaleStoreApp;
			productReference = 28BDFE492BE81E3C001DB69C /* WholesaleStoreApp.app */;
			productType = "com.apple.product-type.application";
		};
/* End PBXNativeTarget section */

/* Begin PBXProject section */
		28BDFE412BE81E3B001DB69C /* Project object */ = {
			isa = PBXProject;
			attributes = {
				BuildIndependentTargetsInParallel = 1;
				LastSwiftUpdateCheck = 1520;
				LastUpgradeCheck = 1520;
				TargetAttributes = {
					28BDFE482BE81E3C001DB69C = {
						CreatedOnToolsVersion = 15.2;
					};
				};
			};
			buildConfigurationList = 28BDFE442BE81E3B001DB69C /* Build configuration list for PBXProject "WholesaleStoreApp" */;
			compatibilityVersion = "Xcode 14.0";
			developmentRegion = en;
			hasScannedForEncodings = 0;
			knownRegions = (
				en,
				Base,
			);
			mainGroup = 28BDFE402BE81E3B001DB69C;
			productRefGroup = 28BDFE4A2BE81E3C001DB69C /* Products */;
			projectDirPath = "";
			projectRoot = "";
			targets = (
				28BDFE482BE81E3C001DB69C /* WholesaleStoreApp */,
			);
		};
/* End PBXProject section */

/* Begin PBXResourcesBuildPhase section */
		28BDFE472BE81E3C001DB69C /* Resources */ = {
			isa = PBXResourcesBuildPhase;
			buildActionMask = 2147483647;
			files = (
				28BDFE592BE81E40001DB69C /* LaunchScreen.storyboard in Resources */,
				28BDFE562BE81E40001DB69C /* Assets.xcassets in Resources */,
			);
			runOnlyForDeploymentPostprocessing = 0;
		};
/* End PBXResourcesBuildPhase section */

/* Begin PBXShellScriptBuildPhase section */
		36141C72A6A483EE1790CD13 /* [CP] Check Pods Manifest.lock */ = {
			isa = PBXShellScriptBuildPhase;
			buildActionMask = 2147483647;
			files = (
			);
			inputFileListPaths = (
			);
			inputPaths = (
				"${PODS_PODFILE_DIR_PATH}/Podfile.lock",
				"${PODS_ROOT}/Manifest.lock",
			);
			name = "[CP] Check Pods Manifest.lock";
			outputFileListPaths = (
			);
			outputPaths = (
				"$(DERIVED_FILE_DIR)/Pods-WholesaleStoreApp-checkManifestLockResult.txt",
			);
			runOnlyForDeploymentPostprocessing = 0;
			shellPath = /bin/sh;
			shellScript = "diff \"${PODS_PODFILE_DIR_PATH}/Podfile.lock\" \"${PODS_ROOT}/Manifest.lock\" > /dev/null\nif [ $? != 0 ] ; then\n    # print error to STDERR\n    echo \"error: The sandbox is not in sync with the Podfile.lock. Run 'pod install' or update your CocoaPods installation.\" >&2\n    exit 1\nfi\n# This output is used by Xcode 'outputs' to avoid re-running this script phase.\necho \"SUCCESS\" > \"${SCRIPT_OUTPUT_FILE_0}\"\n";
			showEnvVarsInLog = 0;
		};
		631C4B93153BEDC96BD9981E /* [CP] Embed Pods Frameworks */ = {
			isa = PBXShellScriptBuildPhase;
			buildActionMask = 2147483647;
			files = (
			);
			inputFileListPaths = (
				"${PODS_ROOT}/Target Support Files/Pods-WholesaleStoreApp/Pods-WholesaleStoreApp-frameworks-${CONFIGURATION}-input-files.xcfilelist",
			);
			name = "[CP] Embed Pods Frameworks";
			outputFileListPaths = (
				"${PODS_ROOT}/Target Support Files/Pods-WholesaleStoreApp/Pods-WholesaleStoreApp-frameworks-${CONFIGURATION}-output-files.xcfilelist",
			);
			runOnlyForDeploymentPostprocessing = 0;
			shellPath = /bin/sh;
			shellScript = "\"${PODS_ROOT}/Target Support Files/Pods-WholesaleStoreApp/Pods-WholesaleStoreApp-frameworks.sh\"\n";
			showEnvVarsInLog = 0;
		};
/* End PBXShellScriptBuildPhase section */

/* Begin PBXSourcesBuildPhase section */
		28BDFE452BE81E3C001DB69C /* Sources */ = {
			isa = PBXSourcesBuildPhase;
			buildActionMask = 2147483647;
			files = (
				28BDFE6B2BE821F4001DB69C /* ProductDetailsViewController.swift in Sources */,
				28BDFE6F2BE82255001DB69C /* ProductListViewController.swift in Sources */,
				28BDFE6D2BE8221C001DB69C /* AddProductViewController.swift in Sources */,
				28BDFE672BE8217E001DB69C /* Manufacturer.swift in Sources */,
				28BDFE652BE82103001DB69C /* Product.swift in Sources */,
				28BDFE4D2BE81E3C001DB69C /* AppDelegate.swift in Sources */,
				28BDFE4F2BE81E3C001DB69C /* SceneDelegate.swift in Sources */,
				28BDFE712BE8227E001DB69C /* LoginViewController.swift in Sources */,
				28BDFE692BE821C6001DB69C /* ProductTableViewCell.swift in Sources */,
			);
			runOnlyForDeploymentPostprocessing = 0;
		};
/* End PBXSourcesBuildPhase section */

/* Begin PBXVariantGroup section */
		28BDFE572BE81E40001DB69C /* LaunchScreen.storyboard */ = {
			isa = PBXVariantGroup;
			children = (
				28BDFE582BE81E40001DB69C /* Base */,
			);
			name = LaunchScreen.storyboard;
			sourceTree = "<group>";
		};
/* End PBXVariantGroup section */

/* Begin XCBuildConfiguration section */
		28BDFE5B2BE81E40001DB69C /* Debug */ = {
			isa = XCBuildConfiguration;
			buildSettings = {
				ALWAYS_SEARCH_USER_PATHS = NO;
				ASSETCATALOG_COMPILER_GENERATE_SWIFT_ASSET_SYMBOL_EXTENSIONS = YES;
				CLANG_ANALYZER_NONNULL = YES;
				CLANG_ANALYZER_NUMBER_OBJECT_CONVERSION = YES_AGGRESSIVE;
				CLANG_CXX_LANGUAGE_STANDARD = "gnu++20";
				CLANG_ENABLE_MODULES = YES;
				CLANG_ENABLE_OBJC_ARC = YES;
				CLANG_ENABLE_OBJC_WEAK = YES;
				CLANG_WARN_BLOCK_CAPTURE_AUTORELEASING = YES;
				CLANG_WARN_BOOL_CONVERSION = YES;
				CLANG_WARN_COMMA = YES;
				CLANG_WARN_CONSTANT_CONVERSION = YES;
				CLANG_WARN_DEPRECATED_OBJC_IMPLEMENTATIONS = YES;
				CLANG_WARN_DIRECT_OBJC_ISA_USAGE = YES_ERROR;
				CLANG_WARN_DOCUMENTATION_COMMENTS = YES;
				CLANG_WARN_EMPTY_BODY = YES;
				CLANG_WARN_ENUM_CONVERSION = YES;
				CLANG_WARN_INFINITE_RECURSION = YES;
				CLANG_WARN_INT_CONVERSION = YES;
				CLANG_WARN_NON_LITERAL_NULL_CONVERSION = YES;
				CLANG_WARN_OBJC_IMPLICIT_RETAIN_SELF = YES;
				CLANG_WARN_OBJC_LITERAL_CONVERSION = YES;
				CLANG_WARN_OBJC_ROOT_CLASS = YES_ERROR;
				CLANG_WARN_QUOTED_INCLUDE_IN_FRAMEWORK_HEADER = YES;
				CLANG_WARN_RANGE_LOOP_ANALYSIS = YES;
				CLANG_WARN_STRICT_PROTOTYPES = YES;
				CLANG_WARN_SUSPICIOUS_MOVE = YES;
				CLANG_WARN_UNGUARDED_AVAILABILITY = YES_AGGRESSIVE;
				CLANG_WARN_UNREACHABLE_CODE = YES;
				CLANG_WARN__DUPLICATE_METHOD_MATCH = YES;
				COPY_PHASE_STRIP = NO;
				DEBUG_INFORMATION_FORMAT = dwarf;
				ENABLE_STRICT_OBJC_MSGSEND = YES;
				ENABLE_TESTABILITY = YES;
				ENABLE_USER_SCRIPT_SANDBOXING = NO;
				GCC_C_LANGUAGE_STANDARD = gnu17;
				GCC_DYNAMIC_NO_PIC = NO;
				GCC_NO_COMMON_BLOCKS = YES;
				GCC_OPTIMIZATION_LEVEL = 0;
				GCC_PREPROCESSOR_DEFINITIONS = (
					"DEBUG=1",
					"$(inherited)",
				);
				GCC_WARN_64_TO_32_BIT_CONVERSION = YES;
				GCC_WARN_ABOUT_RETURN_TYPE = YES_ERROR;
				GCC_WARN_UNDECLARED_SELECTOR = YES;
				GCC_WARN_UNINITIALIZED_AUTOS = YES_AGGRESSIVE;
				GCC_WARN_UNUSED_FUNCTION = YES;
				GCC_WARN_UNUSED_VARIABLE = YES;
				IPHONEOS_DEPLOYMENT_TARGET = 17.2;
				LOCALIZATION_PREFERS_STRING_CATALOGS = YES;
				MTL_ENABLE_DEBUG_INFO = INCLUDE_SOURCE;
				MTL_FAST_MATH = YES;
				ONLY_ACTIVE_ARCH = YES;
				SDKROOT = iphoneos;
				SWIFT_ACTIVE_COMPILATION_CONDITIONS = "DEBUG $(inherited)";
				SWIFT_OPTIMIZATION_LEVEL = "-Onone";
			};
			name = Debug;
		};
		28BDFE5C2BE81E40001DB69C /* Release */ = {
			isa = XCBuildConfiguration;
			buildSettings = {
				ALWAYS_SEARCH_USER_PATHS = NO;
				ASSETCATALOG_COMPILER_GENERATE_SWIFT_ASSET_SYMBOL_EXTENSIONS = YES;
				CLANG_ANALYZER_NONNULL = YES;
				CLANG_ANALYZER_NUMBER_OBJECT_CONVERSION = YES_AGGRESSIVE;
				CLANG_CXX_LANGUAGE_STANDARD = "gnu++20";
				CLANG_ENABLE_MODULES = YES;
				CLANG_ENABLE_OBJC_ARC = YES;
				CLANG_ENABLE_OBJC_WEAK = YES;
				CLANG_WARN_BLOCK_CAPTURE_AUTORELEASING = YES;
				CLANG_WARN_BOOL_CONVERSION = YES;
				CLANG_WARN_COMMA = YES;
				CLANG_WARN_CONSTANT_CONVERSION = YES;
				CLANG_WARN_DEPRECATED_OBJC_IMPLEMENTATIONS = YES;
				CLANG_WARN_DIRECT_OBJC_ISA_USAGE = YES_ERROR;
				CLANG_WARN_DOCUMENTATION_COMMENTS = YES;
				CLANG_WARN_EMPTY_BODY = YES;
				CLANG_WARN_ENUM_CONVERSION = YES;
				CLANG_WARN_INFINITE_RECURSION = YES;
				CLANG_WARN_INT_CONVERSION = YES;
				CLANG_WARN_NON_LITERAL_NULL_CONVERSION = YES;
				CLANG_WARN_OBJC_IMPLICIT_RETAIN_SELF = YES;
				CLANG_WARN_OBJC_LITERAL_CONVERSION = YES;
				CLANG_WARN_OBJC_ROOT_CLASS = YES_ERROR;
				CLANG_WARN_QUOTED_INCLUDE_IN_FRAMEWORK_HEADER = YES;
				CLANG_WARN_RANGE_LOOP_ANALYSIS = YES;
				CLANG_WARN_STRICT_PROTOTYPES = YES;
				CLANG_WARN_SUSPICIOUS_MOVE = YES;
				CLANG_WARN_UNGUARDED_AVAILABILITY = YES_AGGRESSIVE;
				CLANG_WARN_UNREACHABLE_CODE = YES;
				CLANG_WARN__DUPLICATE_METHOD_MATCH = YES;
				COPY_PHASE_STRIP = NO;
				DEBUG_INFORMATION_FORMAT = "dwarf-with-dsym";
				ENABLE_NS_ASSERTIONS = NO;
				ENABLE_STRICT_OBJC_MSGSEND = YES;
				ENABLE_USER_SCRIPT_SANDBOXING = NO;
				GCC_C_LANGUAGE_STANDARD = gnu17;
				GCC_NO_COMMON_BLOCKS = YES;
				GCC_WARN_64_TO_32_BIT_CONVERSION = YES;
				GCC_WARN_ABOUT_RETURN_TYPE = YES_ERROR;
				GCC_WARN_UNDECLARED_SELECTOR = YES;
				GCC_WARN_UNINITIALIZED_AUTOS = YES_AGGRESSIVE;
				GCC_WARN_UNUSED_FUNCTION = YES;
				GCC_WARN_UNUSED_VARIABLE = YES;
				IPHONEOS_DEPLOYMENT_TARGET = 17.2;
				LOCALIZATION_PREFERS_STRING_CATALOGS = YES;
				MTL_ENABLE_DEBUG_INFO = NO;
				MTL_FAST_MATH = YES;
				SDKROOT = iphoneos;
				SWIFT_COMPILATION_MODE = wholemodule;
				VALIDATE_PRODUCT = YES;
			};
			name = Release;
		};
		28BDFE5E2BE81E40001DB69C /* Debug */ = {
			isa = XCBuildConfiguration;
			baseConfigurationReference = 32CBF0E7078CB5336F1F29F9 /* Pods-WholesaleStoreApp.debug.xcconfig */;
			buildSettings = {
				ASSETCATALOG_COMPILER_APPICON_NAME = AppIcon;
				ASSETCATALOG_COMPILER_GLOBAL_ACCENT_COLOR_NAME = AccentColor;
				CODE_SIGN_STYLE = Automatic;
				CURRENT_PROJECT_VERSION = 1;
				DEVELOPMENT_TEAM = 7TGA44R678;
				GENERATE_INFOPLIST_FILE = YES;
				INFOPLIST_FILE = WholesaleStoreApp/Info.plist;
				INFOPLIST_KEY_UIApplicationSupportsIndirectInputEvents = YES;
				INFOPLIST_KEY_UILaunchStoryboardName = LaunchScreen;
				INFOPLIST_KEY_UISupportedInterfaceOrientations_iPad = "UIInterfaceOrientationPortrait UIInterfaceOrientationPortraitUpsideDown UIInterfaceOrientationLandscapeLeft UIInterfaceOrientationLandscapeRight";
				INFOPLIST_KEY_UISupportedInterfaceOrientations_iPhone = "UIInterfaceOrientationPortrait UIInterfaceOrientationLandscapeLeft UIInterfaceOrientationLandscapeRight";
				LD_RUNPATH_SEARCH_PATHS = (
					"$(inherited)",
					"@executable_path/Frameworks",
				);
				MARKETING_VERSION = 1.0;
				PRODUCT_BUNDLE_IDENTIFIER = SeitovN.WholesaleStoreApp;
				PRODUCT_NAME = "$(TARGET_NAME)";
				SUPPORTED_PLATFORMS = "iphoneos iphonesimulator";
				SUPPORTS_MACCATALYST = NO;
				SUPPORTS_MAC_DESIGNED_FOR_IPHONE_IPAD = NO;
				SUPPORTS_XR_DESIGNED_FOR_IPHONE_IPAD = NO;
				SWIFT_EMIT_LOC_STRINGS = YES;
				SWIFT_VERSION = 5.0;
				TARGETED_DEVICE_FAMILY = 1;
			};
			name = Debug;
		};
		28BDFE5F2BE81E40001DB69C /* Release */ = {
			isa = XCBuildConfiguration;
			baseConfigurationReference = F7FE20F9D6BE14C913B32724 /* Pods-WholesaleStoreApp.release.xcconfig */;
			buildSettings = {
				ASSETCATALOG_COMPILER_APPICON_NAME = AppIcon;
				ASSETCATALOG_COMPILER_GLOBAL_ACCENT_COLOR_NAME = AccentColor;
				CODE_SIGN_STYLE = Automatic;
				CURRENT_PROJECT_VERSION = 1;
				DEVELOPMENT_TEAM = 7TGA44R678;
				GENERATE_INFOPLIST_FILE = YES;
				INFOPLIST_FILE = WholesaleStoreApp/Info.plist;
				INFOPLIST_KEY_UIApplicationSupportsIndirectInputEvents = YES;
				INFOPLIST_KEY_UILaunchStoryboardName = LaunchScreen;
				INFOPLIST_KEY_UISupportedInterfaceOrientations_iPad = "UIInterfaceOrientationPortrait UIInterfaceOrientationPortraitUpsideDown UIInterfaceOrientationLandscapeLeft UIInterfaceOrientationLandscapeRight";
				INFOPLIST_KEY_UISupportedInterfaceOrientations_iPhone = "UIInterfaceOrientationPortrait UIInterfaceOrientationLandscapeLeft UIInterfaceOrientationLandscapeRight";
				LD_RUNPATH_SEARCH_PATHS = (
					"$(inherited)",
					"@executable_path/Frameworks",
				);
				MARKETING_VERSION = 1.0;
				PRODUCT_BUNDLE_IDENTIFIER = SeitovN.WholesaleStoreApp;
				PRODUCT_NAME = "$(TARGET_NAME)";
				SUPPORTED_PLATFORMS = "iphoneos iphonesimulator";
				SUPPORTS_MACCATALYST = NO;
				SUPPORTS_MAC_DESIGNED_FOR_IPHONE_IPAD = NO;
				SUPPORTS_XR_DESIGNED_FOR_IPHONE_IPAD = NO;
				SWIFT_EMIT_LOC_STRINGS = YES;
				SWIFT_VERSION = 5.0;
				TARGETED_DEVICE_FAMILY = 1;
			};
			name = Release;
		};
/* End XCBuildConfiguration section */

/* Begin XCConfigurationList section */
		28BDFE442BE81E3B001DB69C /* Build configuration list for PBXProject "WholesaleStoreApp" */ = {
			isa = XCConfigurationList;
			buildConfigurations = (
				28BDFE5B2BE81E40001DB69C /* Debug */,
				28BDFE5C2BE81E40001DB69C /* Release */,
			);
			defaultConfigurationIsVisible = 0;
			defaultConfigurationName = Release;
		};
		28BDFE5D2BE81E40001DB69C /* Build configuration list for PBXNativeTarget "WholesaleStoreApp" */ = {
			isa = XCConfigurationList;
			buildConfigurations = (
				28BDFE5E2BE81E40001DB69C /* Debug */,
				28BDFE5F2BE81E40001DB69C /* Release */,
			);
			defaultConfigurationIsVisible = 0;
			defaultConfigurationName = Release;
		};
/* End XCConfigurationList section */
	};
	rootObject = 28BDFE412BE81E3B001DB69C /* Project object */;
}
